
Microsoft Visual Studio Solution File, Format Version 12.00
# Visual Studio Version 16
VisualStudioVersion = 16.0.34902.97
MinimumVisualStudioVersion = 10.0.40219.1
Project("{FAE04EC0-301F-11D3-BF4B-00C04F79EFBC}") = "BBCWeatherTest", "BBCWeatherTest\BBCWeatherTest.csproj", "{7DC08DD8-155D-4017-B3CA-8F7B90061836}"
EndProject
Global
	GlobalSection(SolutionConfigurationPlatforms) = preSolution
		Debug|Any CPU = Debug|Any CPU
		Release|Any CPU = Release|Any CPU
	EndGlobalSection
	GlobalSection(ProjectConfigurationPlatforms) = postSolution
		{7DC08DD8-155D-4017-B3CA-8F7B90061836}.Debug|Any CPU.ActiveCfg = Debug|Any CPU
		{7DC08DD8-155D-4017-B3CA-8F7B90061836}.Debug|Any CPU.Build.0 = Debug|Any CPU
		{7DC08DD8-155D-4017-B3CA-8F7B90061836}.Release|Any CPU.ActiveCfg = Release|Any CPU
		{7DC08DD8-155D-4017-B3CA-8F7B90061836}.Release|Any CPU.Build.0 = Release|Any CPU
	EndGlobalSection
	GlobalSection(SolutionProperties) = preSolution
		HideSolutionNode = FALSE
	EndGlobalSection
	GlobalSection(ExtensibilityGlobals) = postSolution
		SolutionGuid = {49733900-201C-41D4-8C6B-06632349F928}
	EndGlobalSection
EndGlobal
